
Microsoft Visual Studio Solution File, Format Version 12.00
# Visual Studio Version 17
VisualStudioVersion = 17.0.32014.148
MinimumVisualStudioVersion = 10.0.40219.1
Project("{FAE04EC0-301F-11D3-BF4B-00C04F79EFBC}") = "OperadoresAritmeticos", "OperadoresAritmeticos\OperadoresAritmeticos.csproj", "{F808562F-85DF-40F7-B1A8-A3087BB01B5E}"
EndProject
Global
	GlobalSection(SolutionConfigurationPlatforms) = preSolution
		Debug|Any CPU = Debug|Any CPU
		Release|Any CPU = Release|Any CPU
	EndGlobalSection
	GlobalSection(ProjectConfigurationPlatforms) = postSolution
		{F808562F-85DF-40F7-B1A8-A3087BB01B5E}.Debug|Any CPU.ActiveCfg = Debug|Any CPU
		{F808562F-85DF-40F7-B1A8-A3087BB01B5E}.Debug|Any CPU.Build.0 = Debug|Any CPU
		{F808562F-85DF-40F7-B1A8-A3087BB01B5E}.Release|Any CPU.ActiveCfg = Release|Any CPU
		{F808562F-85DF-40F7-B1A8-A3087BB01B5E}.Release|Any CPU.Build.0 = Release|Any CPU
	EndGlobalSection
	GlobalSection(SolutionProperties) = preSolution
		HideSolutionNode = FALSE
	EndGlobalSection
	GlobalSection(ExtensibilityGlobals) = postSolution
		SolutionGuid = {296BE288-B676-4DD2-A621-6DA064652935}
	EndGlobalSection
EndGlobal
